
Microsoft Visual Studio Solution File, Format Version 12.00
# Visual Studio 15
VisualStudioVersion = 15.0.27703.2000
MinimumVisualStudioVersion = 10.0.40219.1
Project("{2150E333-8FDC-42A3-9474-1A3956D46DE8}") = "0 - DLL", "0 - DLL", "{9B5A705A-A050-4AD2-B346-D2D6C8D251F4}"
EndProject
Project("{2150E333-8FDC-42A3-9474-1A3956D46DE8}") = "1 - Presentation", "1 - Presentation", "{DD4D2A40-C2BE-4AAC-BD30-85B6DA335317}"
EndProject
Project("{2150E333-8FDC-42A3-9474-1A3956D46DE8}") = "2 - Services", "2 - Services", "{94DCE964-6781-4A28-8E60-CDA3748A2083}"
EndProject
Project("{2150E333-8FDC-42A3-9474-1A3956D46DE8}") = "3 - Application", "3 - Application", "{A18E3CFF-750C-47AE-90B0-62D9175F37A6}"
EndProject
Project("{2150E333-8FDC-42A3-9474-1A3956D46DE8}") = "4 - Domain", "4 - Domain", "{3A475988-04D2-4AA7-AC18-92F268A5833A}"
EndProject
Project("{2150E333-8FDC-42A3-9474-1A3956D46DE8}") = "5 - Infra", "5 - Infra", "{8F18E01F-A328-48C1-8478-6BE916BCA6FB}"
EndProject
Project("{2150E333-8FDC-42A3-9474-1A3956D46DE8}") = "6 - Shared", "6 - Shared", "{7A2352D3-AC00-489D-A6BB-F70302E00C69}"
	ProjectSection(SolutionItems) = preProject
		conexao.config = conexao.config
		configuracao.config = configuracao.config
	EndProjectSection
EndProject
Project("{2150E333-8FDC-42A3-9474-1A3956D46DE8}") = "5.1 - Infra.Data", "5.1 - Infra.Data", "{F5FBCE17-A890-4368-A2BA-6828F7130BE9}"
EndProject
Project("{2150E333-8FDC-42A3-9474-1A3956D46DE8}") = "5.2 - Infra.CrossCutting", "5.2 - Infra.CrossCutting", "{B8249A9A-244F-409D-A150-EBD0EE4AB528}"
EndProject
Project("{2150E333-8FDC-42A3-9474-1A3956D46DE8}") = "5.3 - Infra.Http", "5.3 - Infra.Http", "{7D1B4C67-B2B0-48CA-A274-FC1BDAD29F3D}"
EndProject
Project("{2150E333-8FDC-42A3-9474-1A3956D46DE8}") = "5.4 - Infra.WebService", "5.4 - Infra.WebService", "{D3EF7D8B-366C-4557-9CBA-8C2E521C6EC5}"
EndProject
Project("{2150E333-8FDC-42A3-9474-1A3956D46DE8}") = "5.5 - Infra.Notification", "5.5 - Infra.Notification", "{A76A76F8-D6B7-4EB6-B001-B6973E330D89}"
EndProject
Project("{2150E333-8FDC-42A3-9474-1A3956D46DE8}") = "2.1 - Ferramentas", "2.1 - Ferramentas", "{40AF3239-85CD-4D74-A9C2-EC1101C8B85F}"
EndProject
Project("{2150E333-8FDC-42A3-9474-1A3956D46DE8}") = "2.2 - Apis", "2.2 - Apis", "{5B90980F-F76A-4D7C-BC13-B47D6784EAA9}"
EndProject
Project("{FAE04EC0-301F-11D3-BF4B-00C04F79EFBC}") = "MeuMundo.Presentation.MeuMundoWeb", "MeuMundo.Presentation.MeuMundoWeb\MeuMundo.Presentation.MeuMundoWeb.csproj", "{A4484223-25FC-4192-B3AC-30217541401C}"
EndProject
Project("{2150E333-8FDC-42A3-9474-1A3956D46DE8}") = "20181023", "20181023", "{F2DB2D8A-56D5-4E4F-8AEB-9BC9731EC977}"
	ProjectSection(SolutionItems) = preProject
		20181023.sql = 20181023.sql
	EndProjectSection
EndProject
Project("{FAE04EC0-301F-11D3-BF4B-00C04F79EFBC}") = "MeuMundo.Infra.Data", "MeuMundo.Infra.Data\MeuMundo.Infra.Data.csproj", "{E1EB311E-88C0-4E3C-91C3-228AEFCA133E}"
EndProject
Project("{FAE04EC0-301F-11D3-BF4B-00C04F79EFBC}") = "MeuMundo.Infra.CrossCutting.Ioc", "MeuMundo.Infra.CrossCutting.Ioc\MeuMundo.Infra.CrossCutting.Ioc.csproj", "{1513F66B-F505-4537-86AE-2281E28E2B3F}"
EndProject
Project("{FAE04EC0-301F-11D3-BF4B-00C04F79EFBC}") = "MeuMundo.Domain", "MeuMundo.Domain\MeuMundo.Domain.csproj", "{D1E2A45C-9885-4D70-9549-6CEB4CD71AA9}"
EndProject
Global
	GlobalSection(SolutionConfigurationPlatforms) = preSolution
		Debug|Any CPU = Debug|Any CPU
		Release|Any CPU = Release|Any CPU
	EndGlobalSection
	GlobalSection(ProjectConfigurationPlatforms) = postSolution
		{A4484223-25FC-4192-B3AC-30217541401C}.Debug|Any CPU.ActiveCfg = Debug|Any CPU
		{A4484223-25FC-4192-B3AC-30217541401C}.Debug|Any CPU.Build.0 = Debug|Any CPU
		{A4484223-25FC-4192-B3AC-30217541401C}.Release|Any CPU.ActiveCfg = Release|Any CPU
		{A4484223-25FC-4192-B3AC-30217541401C}.Release|Any CPU.Build.0 = Release|Any CPU
		{E1EB311E-88C0-4E3C-91C3-228AEFCA133E}.Debug|Any CPU.ActiveCfg = Debug|Any CPU
		{E1EB311E-88C0-4E3C-91C3-228AEFCA133E}.Debug|Any CPU.Build.0 = Debug|Any CPU
		{E1EB311E-88C0-4E3C-91C3-228AEFCA133E}.Release|Any CPU.ActiveCfg = Release|Any CPU
		{E1EB311E-88C0-4E3C-91C3-228AEFCA133E}.Release|Any CPU.Build.0 = Release|Any CPU
		{1513F66B-F505-4537-86AE-2281E28E2B3F}.Debug|Any CPU.ActiveCfg = Debug|Any CPU
		{1513F66B-F505-4537-86AE-2281E28E2B3F}.Debug|Any CPU.Build.0 = Debug|Any CPU
		{1513F66B-F505-4537-86AE-2281E28E2B3F}.Release|Any CPU.ActiveCfg = Release|Any CPU
		{1513F66B-F505-4537-86AE-2281E28E2B3F}.Release|Any CPU.Build.0 = Release|Any CPU
		{D1E2A45C-9885-4D70-9549-6CEB4CD71AA9}.Debug|Any CPU.ActiveCfg = Debug|Any CPU
		{D1E2A45C-9885-4D70-9549-6CEB4CD71AA9}.Debug|Any CPU.Build.0 = Debug|Any CPU
		{D1E2A45C-9885-4D70-9549-6CEB4CD71AA9}.Release|Any CPU.ActiveCfg = Release|Any CPU
		{D1E2A45C-9885-4D70-9549-6CEB4CD71AA9}.Release|Any CPU.Build.0 = Release|Any CPU
	EndGlobalSection
	GlobalSection(SolutionProperties) = preSolution
		HideSolutionNode = FALSE
	EndGlobalSection
	GlobalSection(NestedProjects) = preSolution
		{F5FBCE17-A890-4368-A2BA-6828F7130BE9} = {8F18E01F-A328-48C1-8478-6BE916BCA6FB}
		{B8249A9A-244F-409D-A150-EBD0EE4AB528} = {8F18E01F-A328-48C1-8478-6BE916BCA6FB}
		{7D1B4C67-B2B0-48CA-A274-FC1BDAD29F3D} = {8F18E01F-A328-48C1-8478-6BE916BCA6FB}
		{D3EF7D8B-366C-4557-9CBA-8C2E521C6EC5} = {8F18E01F-A328-48C1-8478-6BE916BCA6FB}
		{A76A76F8-D6B7-4EB6-B001-B6973E330D89} = {8F18E01F-A328-48C1-8478-6BE916BCA6FB}
		{40AF3239-85CD-4D74-A9C2-EC1101C8B85F} = {94DCE964-6781-4A28-8E60-CDA3748A2083}
		{5B90980F-F76A-4D7C-BC13-B47D6784EAA9} = {94DCE964-6781-4A28-8E60-CDA3748A2083}
		{A4484223-25FC-4192-B3AC-30217541401C} = {DD4D2A40-C2BE-4AAC-BD30-85B6DA335317}
		{F2DB2D8A-56D5-4E4F-8AEB-9BC9731EC977} = {9B5A705A-A050-4AD2-B346-D2D6C8D251F4}
		{E1EB311E-88C0-4E3C-91C3-228AEFCA133E} = {F5FBCE17-A890-4368-A2BA-6828F7130BE9}
		{1513F66B-F505-4537-86AE-2281E28E2B3F} = {B8249A9A-244F-409D-A150-EBD0EE4AB528}
		{D1E2A45C-9885-4D70-9549-6CEB4CD71AA9} = {3A475988-04D2-4AA7-AC18-92F268A5833A}
	EndGlobalSection
	GlobalSection(ExtensibilityGlobals) = postSolution
		SolutionGuid = {3821254B-DF40-4F24-BD5B-90D15CEECDC8}
	EndGlobalSection
EndGlobal
